{
  "name": "pickup-music-tools-test",
  "version": "1.0.0",
  "lockfileVersion": 1,
  "requires": true,
  "dependencies": {
    "@pickupmusic/metronome": {
      "version": "1.0.3",
      "resolved": "https://registry.npmjs.org/@pickupmusic/metronome/-/metronome-1.0.3.tgz",
      "integrity": "sha512-bT8mf7JFoFilIPhyr5YzdoKUb8uoi/trMT4Wf0iYglSR+9URYtaBRmQNz+xkF6+D/nCtY8pTaqs4W53Ko5xe4A==",
      "dev": true
    }
  }
}
